
Microsoft Visual Studio Solution File, Format Version 12.00
# Visual Studio 2012
Project("{FAE04EC0-301F-11D3-BF4B-00C04F79EFBC}") = "PhoneBook", "PhoneBook\PhoneBook.csproj", "{F91D5B82-7026-4B87-9AB3-0F2A5C7AF7BF}"
EndProject
Global
	GlobalSection(SolutionConfigurationPlatforms) = preSolution
		Debug|Any CPU = Debug|Any CPU
		Release|Any CPU = Release|Any CPU
	EndGlobalSection
	GlobalSection(ProjectConfigurationPlatforms) = postSolution
		{F91D5B82-7026-4B87-9AB3-0F2A5C7AF7BF}.Debug|Any CPU.ActiveCfg = Debug|Any CPU
		{F91D5B82-7026-4B87-9AB3-0F2A5C7AF7BF}.Debug|Any CPU.Build.0 = Debug|Any CPU
		{F91D5B82-7026-4B87-9AB3-0F2A5C7AF7BF}.Release|Any CPU.ActiveCfg = Release|Any CPU
		{F91D5B82-7026-4B87-9AB3-0F2A5C7AF7BF}.Release|Any CPU.Build.0 = Release|Any CPU
	EndGlobalSection
	GlobalSection(SolutionProperties) = preSolution
		HideSolutionNode = FALSE
	EndGlobalSection
EndGlobal
